{
    "_meta": {
        "hash": {
            "sha256": "733b7623ec01c3858e884633f792def1813f0aa9e0ba1036bf8a05c0183c00d1"
        },
        "pipfile-spec": 6,
        "requires": {
            "python_version": "3.11"
        },
        "sources": [
            {
                "name": "pypi",
                "url": "https://pypi.org/simple",
                "verify_ssl": true
            }
        ]
    },
    "default": {},
    "develop": {}
}
