{
    "_meta": {
        "hash": {
            "sha256": "8d24d658ca7cfcfae18621e93ac72cb88de0536b84869a44afc7734698638d0f"
        },
        "pipfile-spec": 6,
        "requires": {
            "python_version": "3.11"
        },
        "sources": [
            {
                "name": "pypi",
                "url": "https://pypi.org/simple",
                "verify_ssl": true
            }
        ]
    },
    "default": {
        "gunicorn": {
            "hashes": [
                "sha256:ec400d38950de4dfd418cff8328b2c8faed0edb0d517d3394e457c317908ca4d",
                "sha256:f014447a0101dc57e294f6c18ca6b40227a4c90e9bdb586042628030cba004ec"
            ],
            "index": "pypi",
            "markers": "python_version >= '3.7'",
            "version": "==23.0.0"
        },
        "packaging": {
            "hashes": [
                "sha256:29572ef2b1f17581046b3a2227d5c611fb25ec70ca1ba8554b24b0e69331a484",
                "sha256:d443872c98d677bf60f6a1f2f8c1cb748e8fe762d2bf9d3148b5599295b0fc4f"
            ],
            "markers": "python_version >= '3.8'",
            "version": "==25.0"
        },
        "waitress": {
            "hashes": [
                "sha256:682aaaf2af0c44ada4abfb70ded36393f0e307f4ab9456a215ce0020baefc31f",
                "sha256:c56d67fd6e87c2ee598b76abdd4e96cfad1f24cacdea5078d382b1f9d7b5ed2e"
            ],
            "index": "pypi",
            "markers": "python_full_version >= '3.9.0'",
            "version": "==3.0.2"
        }
    },
    "develop": {}
}
